
Microsoft Visual Studio Solution File, Format Version 12.00
# Visual Studio Version 16
VisualStudioVersion = 16.0.31205.134
MinimumVisualStudioVersion = 10.0.40219.1
Project("{FAE04EC0-301F-11D3-BF4B-00C04F79EFBC}") = "Demo.CustomAuthorize", "Demo.CustomAuthorize\Demo.CustomAuthorize.csproj", "{4255E43C-14DF-4431-9905-674C5510EA5D}"
EndProject
Global
	GlobalSection(SolutionConfigurationPlatforms) = preSolution
		Debug|Any CPU = Debug|Any CPU
		Release|Any CPU = Release|Any CPU
	EndGlobalSection
	GlobalSection(ProjectConfigurationPlatforms) = postSolution
		{4255E43C-14DF-4431-9905-674C5510EA5D}.Debug|Any CPU.ActiveCfg = Debug|Any CPU
		{4255E43C-14DF-4431-9905-674C5510EA5D}.Debug|Any CPU.Build.0 = Debug|Any CPU
		{4255E43C-14DF-4431-9905-674C5510EA5D}.Release|Any CPU.ActiveCfg = Release|Any CPU
		{4255E43C-14DF-4431-9905-674C5510EA5D}.Release|Any CPU.Build.0 = Release|Any CPU
	EndGlobalSection
	GlobalSection(SolutionProperties) = preSolution
		HideSolutionNode = FALSE
	EndGlobalSection
	GlobalSection(ExtensibilityGlobals) = postSolution
		SolutionGuid = {B1755434-F02F-43FE-893F-98235A45F70C}
	EndGlobalSection
EndGlobal
